
Microsoft Visual Studio Solution File, Format Version 12.00
# Visual Studio 2017
Project("{FAE04EC0-301F-11D3-BF4B-00C04F79EFBC}") = "Project 3", "Project 3.csproj", "{D5BDADC1-7E9C-C132-AE58-4D120728CADA}"
EndProject
Project("{FAE04EC0-301F-11D3-BF4B-00C04F79EFBC}") = "Project 3.Editor", "Project 3.Editor.csproj", "{9D6E453C-6DF2-98CC-6DBA-0669BB57D2D3}"
EndProject
Global
	GlobalSection(SolutionConfigurationPlatforms) = preSolution
		Debug|Any CPU = Debug|Any CPU
		Release|Any CPU = Release|Any CPU
	EndGlobalSection
	GlobalSection(ProjectConfigurationPlatforms) = postSolution
		{D5BDADC1-7E9C-C132-AE58-4D120728CADA}.Debug|Any CPU.ActiveCfg = Debug|Any CPU
		{D5BDADC1-7E9C-C132-AE58-4D120728CADA}.Debug|Any CPU.Build.0 = Debug|Any CPU
		{D5BDADC1-7E9C-C132-AE58-4D120728CADA}.Release|Any CPU.ActiveCfg = Release|Any CPU
		{D5BDADC1-7E9C-C132-AE58-4D120728CADA}.Release|Any CPU.Build.0 = Release|Any CPU
		{9D6E453C-6DF2-98CC-6DBA-0669BB57D2D3}.Debug|Any CPU.ActiveCfg = Debug|Any CPU
		{9D6E453C-6DF2-98CC-6DBA-0669BB57D2D3}.Debug|Any CPU.Build.0 = Debug|Any CPU
		{9D6E453C-6DF2-98CC-6DBA-0669BB57D2D3}.Release|Any CPU.ActiveCfg = Release|Any CPU
		{9D6E453C-6DF2-98CC-6DBA-0669BB57D2D3}.Release|Any CPU.Build.0 = Release|Any CPU
	EndGlobalSection
	GlobalSection(SolutionProperties) = preSolution
		HideSolutionNode = FALSE
	EndGlobalSection
EndGlobal
